// !$*UTF8*$!
{
	archiveVersion = 1;
	classes = {
	};
	objectVersion = 55;
	objects = {

/* Begin PBXBuildFile section */
		44B6802D27849B4A0028DA46 /* AppDelegate.swift in Sources */ = {isa = PBXBuildFile; fileRef = 44B6802C27849B4A0028DA46 /* AppDelegate.swift */; };
		44B6802F27849B4A0028DA46 /* SceneDelegate.swift in Sources */ = {isa = PBXBuildFile; fileRef = 44B6802E27849B4A0028DA46 /* SceneDelegate.swift */; };
		44B6803127849B4A0028DA46 /* ViewController.swift in Sources */ = {isa = PBXBuildFile; fileRef = 44B6803027849B4A0028DA46 /* ViewController.swift */; };
		44B6803427849B4A0028DA46 /* Main.storyboard in Resources */ = {isa = PBXBuildFile; fileRef = 44B6803227849B4A0028DA46 /* Main.storyboard */; };
		44B6803627849B4B0028DA46 /* Assets.xcassets in Resources */ = {isa = PBXBuildFile; fileRef = 44B6803527849B4B0028DA46 /* Assets.xcassets */; };
		44B6803927849B4B0028DA46 /* LaunchScreen.storyboard in Resources */ = {isa = PBXBuildFile; fileRef = 44B6803727849B4B0028DA46 /* LaunchScreen.storyboard */; };
		44B6804427849B4B0028DA46 /* GBShopTests.swift in Sources */ = {isa = PBXBuildFile; fileRef = 44B6804327849B4B0028DA46 /* GBShopTests.swift */; };
		44B6804E27849B4C0028DA46 /* GBShopUITests.swift in Sources */ = {isa = PBXBuildFile; fileRef = 44B6804D27849B4C0028DA46 /* GBShopUITests.swift */; };
		44B6805027849B4C0028DA46 /* GBShopUITestsLaunchTests.swift in Sources */ = {isa = PBXBuildFile; fileRef = 44B6804F27849B4C0028DA46 /* GBShopUITestsLaunchTests.swift */; };
/* End PBXBuildFile section */

/* Begin PBXContainerItemProxy section */
		44B6804027849B4B0028DA46 /* PBXContainerItemProxy */ = {
			isa = PBXContainerItemProxy;
			containerPortal = 44B6802127849B4A0028DA46 /* Project object */;
			proxyType = 1;
			remoteGlobalIDString = 44B6802827849B4A0028DA46;
			remoteInfo = GBShop;
		};
		44B6804A27849B4C0028DA46 /* PBXContainerItemProxy */ = {
			isa = PBXContainerItemProxy;
			containerPortal = 44B6802127849B4A0028DA46 /* Project object */;
			proxyType = 1;
			remoteGlobalIDString = 44B6802827849B4A0028DA46;
			remoteInfo = GBShop;
		};
/* End PBXContainerItemProxy section */

/* Begin PBXFileReference section */
		44B6802927849B4A0028DA46 /* GBShop.app */ = {isa = PBXFileReference; explicitFileType = wrapper.application; includeInIndex = 0; path = GBShop.app; sourceTree = BUILT_PRODUCTS_DIR; };
		44B6802C27849B4A0028DA46 /* AppDelegate.swift */ = {isa = PBXFileReference; lastKnownFileType = sourcecode.swift; path = AppDelegate.swift; sourceTree = "<group>"; };
		44B6802E27849B4A0028DA46 /* SceneDelegate.swift */ = {isa = PBXFileReference; lastKnownFileType = sourcecode.swift; path = SceneDelegate.swift; sourceTree = "<group>"; };
		44B6803027849B4A0028DA46 /* ViewController.swift */ = {isa = PBXFileReference; lastKnownFileType = sourcecode.swift; path = ViewController.swift; sourceTree = "<group>"; };
		44B6803327849B4A0028DA46 /* Base */ = {isa = PBXFileReference; lastKnownFileType = file.storyboard; name = Base; path = Base.lproj/Main.storyboard; sourceTree = "<group>"; };
		44B6803527849B4B0028DA46 /* Assets.xcassets */ = {isa = PBXFileReference; lastKnownFileType = folder.assetcatalog; path = Assets.xcassets; sourceTree = "<group>"; };
		44B6803827849B4B0028DA46 /* Base */ = {isa = PBXFileReference; lastKnownFileType = file.storyboard; name = Base; path = Base.lproj/LaunchScreen.storyboard; sourceTree = "<group>"; };
		44B6803A27849B4B0028DA46 /* Info.plist */ = {isa = PBXFileReference; lastKnownFileType = text.plist.xml; path = Info.plist; sourceTree = "<group>"; };
		44B6803F27849B4B0028DA46 /* GBShopTests.xctest */ = {isa = PBXFileReference; explicitFileType = wrapper.cfbundle; includeInIndex = 0; path = GBShopTests.xctest; sourceTree = BUILT_PRODUCTS_DIR; };
		44B6804327849B4B0028DA46 /* GBShopTests.swift */ = {isa = PBXFileReference; lastKnownFileType = sourcecode.swift; path = GBShopTests.swift; sourceTree = "<group>"; };
		44B6804927849B4C0028DA46 /* GBShopUITests.xctest */ = {isa = PBXFileReference; explicitFileType = wrapper.cfbundle; includeInIndex = 0; path = GBShopUITests.xctest; sourceTree = BUILT_PRODUCTS_DIR; };
		44B6804D27849B4C0028DA46 /* GBShopUITests.swift */ = {isa = PBXFileReference; lastKnownFileType = sourcecode.swift; path = GBShopUITests.swift; sourceTree = "<group>"; };
		44B6804F27849B4C0028DA46 /* GBShopUITestsLaunchTests.swift */ = {isa = PBXFileReference; lastKnownFileType = sourcecode.swift; path = GBShopUITestsLaunchTests.swift; sourceTree = "<group>"; };
/* End PBXFileReference section */

/* Begin PBXFrameworksBuildPhase section */
		44B6802627849B4A0028DA46 /* Frameworks */ = {
			isa = PBXFrameworksBuildPhase;
			buildActionMask = 2147483647;
			files = (
			);
			runOnlyForDeploymentPostprocessing = 0;
		};
		44B6803C27849B4B0028DA46 /* Frameworks */ = {
			isa = PBXFrameworksBuildPhase;
			buildActionMask = 2147483647;
			files = (
			);
			runOnlyForDeploymentPostprocessing = 0;
		};
		44B6804627849B4C0028DA46 /* Frameworks */ = {
			isa = PBXFrameworksBuildPhase;
			buildActionMask = 2147483647;
			files = (
			);
			runOnlyForDeploymentPostprocessing = 0;
		};
/* End PBXFrameworksBuildPhase section */

/* Begin PBXGroup section */
		44B6802027849B4A0028DA46 = {
			isa = PBXGroup;
			children = (
				44B6802B27849B4A0028DA46 /* GBShop */,
				44B6804227849B4B0028DA46 /* GBShopTests */,
				44B6804C27849B4C0028DA46 /* GBShopUITests */,
				44B6802A27849B4A0028DA46 /* Products */,
			);
			sourceTree = "<group>";
		};
		44B6802A27849B4A0028DA46 /* Products */ = {
			isa = PBXGroup;
			children = (
				44B6802927849B4A0028DA46 /* GBShop.app */,
				44B6803F27849B4B0028DA46 /* GBShopTests.xctest */,
				44B6804927849B4C0028DA46 /* GBShopUITests.xctest */,
			);
			name = Products;
			sourceTree = "<group>";
		};
		44B6802B27849B4A0028DA46 /* GBShop */ = {
			isa = PBXGroup;
			children = (
				44B6802C27849B4A0028DA46 /* AppDelegate.swift */,
				44B6802E27849B4A0028DA46 /* SceneDelegate.swift */,
				44B6803027849B4A0028DA46 /* ViewController.swift */,
				44B6803227849B4A0028DA46 /* Main.storyboard */,
				44B6803527849B4B0028DA46 /* Assets.xcassets */,
				44B6803727849B4B0028DA46 /* LaunchScreen.storyboard */,
				44B6803A27849B4B0028DA46 /* Info.plist */,
			);
			path = GBShop;
			sourceTree = "<group>";
		};
		44B6804227849B4B0028DA46 /* GBShopTests */ = {
			isa = PBXGroup;
			children = (
				44B6804327849B4B0028DA46 /* GBShopTests.swift */,
			);
			path = GBShopTests;
			sourceTree = "<group>";
		};
		44B6804C27849B4C0028DA46 /* GBShopUITests */ = {
			isa = PBXGroup;
			children = (
				44B6804D27849B4C0028DA46 /* GBShopUITests.swift */,
				44B6804F27849B4C0028DA46 /* GBShopUITestsLaunchTests.swift */,
			);
			path = GBShopUITests;
			sourceTree = "<group>";
		};
/* End PBXGroup section */

/* Begin PBXNativeTarget section */
		44B6802827849B4A0028DA46 /* GBShop */ = {
			isa = PBXNativeTarget;
			buildConfigurationList = 44B6805327849B4C0028DA46 /* Build configuration list for PBXNativeTarget "GBShop" */;
			buildPhases = (
				44B6802527849B4A0028DA46 /* Sources */,
				44B6802627849B4A0028DA46 /* Frameworks */,
				44B6802727849B4A0028DA46 /* Resources */,
			);
			buildRules = (
			);
			dependencies = (
			);
			name = GBShop;
			productName = GBShop;
			productReference = 44B6802927849B4A0028DA46 /* GBShop.app */;
			productType = "com.apple.product-type.application";
		};
		44B6803E27849B4B0028DA46 /* GBShopTests */ = {
			isa = PBXNativeTarget;
			buildConfigurationList = 44B6805627849B4C0028DA46 /* Build configuration list for PBXNativeTarget "GBShopTests" */;
			buildPhases = (
				44B6803B27849B4B0028DA46 /* Sources */,
				44B6803C27849B4B0028DA46 /* Frameworks */,
				44B6803D27849B4B0028DA46 /* Resources */,
			);
			buildRules = (
			);
			dependencies = (
				44B6804127849B4B0028DA46 /* PBXTargetDependency */,
			);
			name = GBShopTests;
			productName = GBShopTests;
			productReference = 44B6803F27849B4B0028DA46 /* GBShopTests.xctest */;
			productType = "com.apple.product-type.bundle.unit-test";
		};
		44B6804827849B4C0028DA46 /* GBShopUITests */ = {
			isa = PBXNativeTarget;
			buildConfigurationList = 44B6805927849B4C0028DA46 /* Build configuration list for PBXNativeTarget "GBShopUITests" */;
			buildPhases = (
				44B6804527849B4C0028DA46 /* Sources */,
				44B6804627849B4C0028DA46 /* Frameworks */,
				44B6804727849B4C0028DA46 /* Resources */,
			);
			buildRules = (
			);
			dependencies = (
				44B6804B27849B4C0028DA46 /* PBXTargetDependency */,
			);
			name = GBShopUITests;
			productName = GBShopUITests;
			productReference = 44B6804927849B4C0028DA46 /* GBShopUITests.xctest */;
			productType = "com.apple.product-type.bundle.ui-testing";
		};
/* End PBXNativeTarget section */

/* Begin PBXProject section */
		44B6802127849B4A0028DA46 /* Project object */ = {
			isa = PBXProject;
			attributes = {
				BuildIndependentTargetsInParallel = 1;
				LastSwiftUpdateCheck = 1310;
				LastUpgradeCheck = 1310;
				TargetAttributes = {
					44B6802827849B4A0028DA46 = {
						CreatedOnToolsVersion = 13.1;
					};
					44B6803E27849B4B0028DA46 = {
						CreatedOnToolsVersion = 13.1;
						TestTargetID = 44B6802827849B4A0028DA46;
					};
					44B6804827849B4C0028DA46 = {
						CreatedOnToolsVersion = 13.1;
						TestTargetID = 44B6802827849B4A0028DA46;
					};
				};
			};
			buildConfigurationList = 44B6802427849B4A0028DA46 /* Build configuration list for PBXProject "GBShop" */;
			compatibilityVersion = "Xcode 13.0";
			developmentRegion = en;
			hasScannedForEncodings = 0;
			knownRegions = (
				en,
				Base,
			);
			mainGroup = 44B6802027849B4A0028DA46;
			productRefGroup = 44B6802A27849B4A0028DA46 /* Products */;
			projectDirPath = "";
			projectRoot = "";
			targets = (
				44B6802827849B4A0028DA46 /* GBShop */,
				44B6803E27849B4B0028DA46 /* GBShopTests */,
				44B6804827849B4C0028DA46 /* GBShopUITests */,
			);
		};
/* End PBXProject section */

/* Begin PBXResourcesBuildPhase section */
		44B6802727849B4A0028DA46 /* Resources */ = {
			isa = PBXResourcesBuildPhase;
			buildActionMask = 2147483647;
			files = (
				44B6803927849B4B0028DA46 /* LaunchScreen.storyboard in Resources */,
				44B6803627849B4B0028DA46 /* Assets.xcassets in Resources */,
				44B6803427849B4A0028DA46 /* Main.storyboard in Resources */,
			);
			runOnlyForDeploymentPostprocessing = 0;
		};
		44B6803D27849B4B0028DA46 /* Resources */ = {
			isa = PBXResourcesBuildPhase;
			buildActionMask = 2147483647;
			files = (
			);
			runOnlyForDeploymentPostprocessing = 0;
		};
		44B6804727849B4C0028DA46 /* Resources */ = {
			isa = PBXResourcesBuildPhase;
			buildActionMask = 2147483647;
			files = (
			);
			runOnlyForDeploymentPostprocessing = 0;
		};
/* End PBXResourcesBuildPhase section */

/* Begin PBXSourcesBuildPhase section */
		44B6802527849B4A0028DA46 /* Sources */ = {
			isa = PBXSourcesBuildPhase;
			buildActionMask = 2147483647;
			files = (
				44B6803127849B4A0028DA46 /* ViewController.swift in Sources */,
				44B6802D27849B4A0028DA46 /* AppDelegate.swift in Sources */,
				44B6802F27849B4A0028DA46 /* SceneDelegate.swift in Sources */,
			);
			runOnlyForDeploymentPostprocessing = 0;
		};
		44B6803B27849B4B0028DA46 /* Sources */ = {
			isa = PBXSourcesBuildPhase;
			buildActionMask = 2147483647;
			files = (
				44B6804427849B4B0028DA46 /* GBShopTests.swift in Sources */,
			);
			runOnlyForDeploymentPostprocessing = 0;
		};
		44B6804527849B4C0028DA46 /* Sources */ = {
			isa = PBXSourcesBuildPhase;
			buildActionMask = 2147483647;
			files = (
				44B6804E27849B4C0028DA46 /* GBShopUITests.swift in Sources */,
				44B6805027849B4C0028DA46 /* GBShopUITestsLaunchTests.swift in Sources */,
			);
			runOnlyForDeploymentPostprocessing = 0;
		};
/* End PBXSourcesBuildPhase section */

/* Begin PBXTargetDependency section */
		44B6804127849B4B0028DA46 /* PBXTargetDependency */ = {
			isa = PBXTargetDependency;
			target = 44B6802827849B4A0028DA46 /* GBShop */;
			targetProxy = 44B6804027849B4B0028DA46 /* PBXContainerItemProxy */;
		};
		44B6804B27849B4C0028DA46 /* PBXTargetDependency */ = {
			isa = PBXTargetDependency;
			target = 44B6802827849B4A0028DA46 /* GBShop */;
			targetProxy = 44B6804A27849B4C0028DA46 /* PBXContainerItemProxy */;
		};
/* End PBXTargetDependency section */

/* Begin PBXVariantGroup section */
		44B6803227849B4A0028DA46 /* Main.storyboard */ = {
			isa = PBXVariantGroup;
			children = (
				44B6803327849B4A0028DA46 /* Base */,
			);
			name = Main.storyboard;
			sourceTree = "<group>";
		};
		44B6803727849B4B0028DA46 /* LaunchScreen.storyboard */ = {
			isa = PBXVariantGroup;
			children = (
				44B6803827849B4B0028DA46 /* Base */,
			);
			name = LaunchScreen.storyboard;
			sourceTree = "<group>";
		};
/* End PBXVariantGroup section */

/* Begin XCBuildConfiguration section */
		44B6805127849B4C0028DA46 /* Debug */ = {
			isa = XCBuildConfiguration;
			buildSettings = {
				ALWAYS_SEARCH_USER_PATHS = NO;
				CLANG_ANALYZER_NONNULL = YES;
				CLANG_ANALYZER_NUMBER_OBJECT_CONVERSION = YES_AGGRESSIVE;
				CLANG_CXX_LANGUAGE_STANDARD = "gnu++17";
				CLANG_CXX_LIBRARY = "libc++";
				CLANG_ENABLE_MODULES = YES;
				CLANG_ENABLE_OBJC_ARC = YES;
				CLANG_ENABLE_OBJC_WEAK = YES;
				CLANG_WARN_BLOCK_CAPTURE_AUTORELEASING = YES;
				CLANG_WARN_BOOL_CONVERSION = YES;
				CLANG_WARN_COMMA = YES;
				CLANG_WARN_CONSTANT_CONVERSION = YES;
				CLANG_WARN_DEPRECATED_OBJC_IMPLEMENTATIONS = YES;
				CLANG_WARN_DIRECT_OBJC_ISA_USAGE = YES_ERROR;
				CLANG_WARN_DOCUMENTATION_COMMENTS = YES;
				CLANG_WARN_EMPTY_BODY = YES;
				CLANG_WARN_ENUM_CONVERSION = YES;
				CLANG_WARN_INFINITE_RECURSION = YES;
				CLANG_WARN_INT_CONVERSION = YES;
				CLANG_WARN_NON_LITERAL_NULL_CONVERSION = YES;
				CLANG_WARN_OBJC_IMPLICIT_RETAIN_SELF = YES;
				CLANG_WARN_OBJC_LITERAL_CONVERSION = YES;
				CLANG_WARN_OBJC_ROOT_CLASS = YES_ERROR;
				CLANG_WARN_QUOTED_INCLUDE_IN_FRAMEWORK_HEADER = YES;
				CLANG_WARN_RANGE_LOOP_ANALYSIS = YES;
				CLANG_WARN_STRICT_PROTOTYPES = YES;
				CLANG_WARN_SUSPICIOUS_MOVE = YES;
				CLANG_WARN_UNGUARDED_AVAILABILITY = YES_AGGRESSIVE;
				CLANG_WARN_UNREACHABLE_CODE = YES;
				CLANG_WARN__DUPLICATE_METHOD_MATCH = YES;
				COPY_PHASE_STRIP = NO;
				DEBUG_INFORMATION_FORMAT = dwarf;
				ENABLE_STRICT_OBJC_MSGSEND = YES;
				ENABLE_TESTABILITY = YES;
				GCC_C_LANGUAGE_STANDARD = gnu11;
				GCC_DYNAMIC_NO_PIC = NO;
				GCC_NO_COMMON_BLOCKS = YES;
				GCC_OPTIMIZATION_LEVEL = 0;
				GCC_PREPROCESSOR_DEFINITIONS = (
					"DEBUG=1",
					"$(inherited)",
				);
				GCC_WARN_64_TO_32_BIT_CONVERSION = YES;
				GCC_WARN_ABOUT_RETURN_TYPE = YES_ERROR;
				GCC_WARN_UNDECLARED_SELECTOR = YES;
				GCC_WARN_UNINITIALIZED_AUTOS = YES_AGGRESSIVE;
				GCC_WARN_UNUSED_FUNCTION = YES;
				GCC_WARN_UNUSED_VARIABLE = YES;
				IPHONEOS_DEPLOYMENT_TARGET = 15.0;
				MTL_ENABLE_DEBUG_INFO = INCLUDE_SOURCE;
				MTL_FAST_MATH = YES;
				ONLY_ACTIVE_ARCH = YES;
				SDKROOT = iphoneos;
				SWIFT_ACTIVE_COMPILATION_CONDITIONS = DEBUG;
				SWIFT_OPTIMIZATION_LEVEL = "-Onone";
			};
			name = Debug;
		};
		44B6805227849B4C0028DA46 /* Release */ = {
			isa = XCBuildConfiguration;
			buildSettings = {
				ALWAYS_SEARCH_USER_PATHS = NO;
				CLANG_ANALYZER_NONNULL = YES;
				CLANG_ANALYZER_NUMBER_OBJECT_CONVERSION = YES_AGGRESSIVE;
				CLANG_CXX_LANGUAGE_STANDARD = "gnu++17";
				CLANG_CXX_LIBRARY = "libc++";
				CLANG_ENABLE_MODULES = YES;
				CLANG_ENABLE_OBJC_ARC = YES;
				CLANG_ENABLE_OBJC_WEAK = YES;
				CLANG_WARN_BLOCK_CAPTURE_AUTORELEASING = YES;
				CLANG_WARN_BOOL_CONVERSION = YES;
				CLANG_WARN_COMMA = YES;
				CLANG_WARN_CONSTANT_CONVERSION = YES;
				CLANG_WARN_DEPRECATED_OBJC_IMPLEMENTATIONS = YES;
				CLANG_WARN_DIRECT_OBJC_ISA_USAGE = YES_ERROR;
				CLANG_WARN_DOCUMENTATION_COMMENTS = YES;
				CLANG_WARN_EMPTY_BODY = YES;
				CLANG_WARN_ENUM_CONVERSION = YES;
				CLANG_WARN_INFINITE_RECURSION = YES;
				CLANG_WARN_INT_CONVERSION = YES;
				CLANG_WARN_NON_LITERAL_NULL_CONVERSION = YES;
				CLANG_WARN_OBJC_IMPLICIT_RETAIN_SELF = YES;
				CLANG_WARN_OBJC_LITERAL_CONVERSION = YES;
				CLANG_WARN_OBJC_ROOT_CLASS = YES_ERROR;
				CLANG_WARN_QUOTED_INCLUDE_IN_FRAMEWORK_HEADER = YES;
				CLANG_WARN_RANGE_LOOP_ANALYSIS = YES;
				CLANG_WARN_STRICT_PROTOTYPES = YES;
				CLANG_WARN_SUSPICIOUS_MOVE = YES;
				CLANG_WARN_UNGUARDED_AVAILABILITY = YES_AGGRESSIVE;
				CLANG_WARN_UNREACHABLE_CODE = YES;
				CLANG_WARN__DUPLICATE_METHOD_MATCH = YES;
				COPY_PHASE_STRIP = NO;
				DEBUG_INFORMATION_FORMAT = "dwarf-with-dsym";
				ENABLE_NS_ASSERTIONS = NO;
				ENABLE_STRICT_OBJC_MSGSEND = YES;
				GCC_C_LANGUAGE_STANDARD = gnu11;
				GCC_NO_COMMON_BLOCKS = YES;
				GCC_WARN_64_TO_32_BIT_CONVERSION = YES;
				GCC_WARN_ABOUT_RETURN_TYPE = YES_ERROR;
				GCC_WARN_UNDECLARED_SELECTOR = YES;
				GCC_WARN_UNINITIALIZED_AUTOS = YES_AGGRESSIVE;
				GCC_WARN_UNUSED_FUNCTION = YES;
				GCC_WARN_UNUSED_VARIABLE = YES;
				IPHONEOS_DEPLOYMENT_TARGET = 15.0;
				MTL_ENABLE_DEBUG_INFO = NO;
				MTL_FAST_MATH = YES;
				SDKROOT = iphoneos;
				SWIFT_COMPILATION_MODE = wholemodule;
				SWIFT_OPTIMIZATION_LEVEL = "-O";
				VALIDATE_PRODUCT = YES;
			};
			name = Release;
		};
		44B6805427849B4C0028DA46 /* Debug */ = {
			isa = XCBuildConfiguration;
			buildSettings = {
				ASSETCATALOG_COMPILER_APPICON_NAME = AppIcon;
				ASSETCATALOG_COMPILER_GLOBAL_ACCENT_COLOR_NAME = AccentColor;
				CODE_SIGN_STYLE = Automatic;
				CURRENT_PROJECT_VERSION = 1;
				DEVELOPMENT_TEAM = 5LPUHM7446;
				GENERATE_INFOPLIST_FILE = YES;
				INFOPLIST_FILE = GBShop/Info.plist;
				INFOPLIST_KEY_UIApplicationSupportsIndirectInputEvents = YES;
				INFOPLIST_KEY_UILaunchStoryboardName = LaunchScreen;
				INFOPLIST_KEY_UIMainStoryboardFile = Main;
				INFOPLIST_KEY_UISupportedInterfaceOrientations_iPad = "UIInterfaceOrientationPortrait UIInterfaceOrientationPortraitUpsideDown UIInterfaceOrientationLandscapeLeft UIInterfaceOrientationLandscapeRight";
				INFOPLIST_KEY_UISupportedInterfaceOrientations_iPhone = "UIInterfaceOrientationPortrait UIInterfaceOrientationLandscapeLeft UIInterfaceOrientationLandscapeRight";
				LD_RUNPATH_SEARCH_PATHS = (
					"$(inherited)",
					"@executable_path/Frameworks",
				);
				MARKETING_VERSION = 1.0;
				PRODUCT_BUNDLE_IDENTIFIER = MrGoodCat.GBShop;
				PRODUCT_NAME = "$(TARGET_NAME)";
				SWIFT_EMIT_LOC_STRINGS = YES;
				SWIFT_VERSION = 5.0;
				TARGETED_DEVICE_FAMILY = "1,2";
			};
			name = Debug;
		};
		44B6805527849B4C0028DA46 /* Release */ = {
			isa = XCBuildConfiguration;
			buildSettings = {
				ASSETCATALOG_COMPILER_APPICON_NAME = AppIcon;
				ASSETCATALOG_COMPILER_GLOBAL_ACCENT_COLOR_NAME = AccentColor;
				CODE_SIGN_STYLE = Automatic;
				CURRENT_PROJECT_VERSION = 1;
				DEVELOPMENT_TEAM = 5LPUHM7446;
				GENERATE_INFOPLIST_FILE = YES;
				INFOPLIST_FILE = GBShop/Info.plist;
				INFOPLIST_KEY_UIApplicationSupportsIndirectInputEvents = YES;
				INFOPLIST_KEY_UILaunchStoryboardName = LaunchScreen;
				INFOPLIST_KEY_UIMainStoryboardFile = Main;
				INFOPLIST_KEY_UISupportedInterfaceOrientations_iPad = "UIInterfaceOrientationPortrait UIInterfaceOrientationPortraitUpsideDown UIInterfaceOrientationLandscapeLeft UIInterfaceOrientationLandscapeRight";
				INFOPLIST_KEY_UISupportedInterfaceOrientations_iPhone = "UIInterfaceOrientationPortrait UIInterfaceOrientationLandscapeLeft UIInterfaceOrientationLandscapeRight";
				LD_RUNPATH_SEARCH_PATHS = (
					"$(inherited)",
					"@executable_path/Frameworks",
				);
				MARKETING_VERSION = 1.0;
				PRODUCT_BUNDLE_IDENTIFIER = MrGoodCat.GBShop;
				PRODUCT_NAME = "$(TARGET_NAME)";
				SWIFT_EMIT_LOC_STRINGS = YES;
				SWIFT_VERSION = 5.0;
				TARGETED_DEVICE_FAMILY = "1,2";
			};
			name = Release;
		};
		44B6805727849B4C0028DA46 /* Debug */ = {
			isa = XCBuildConfiguration;
			buildSettings = {
				ALWAYS_EMBED_SWIFT_STANDARD_LIBRARIES = YES;
				BUNDLE_LOADER = "$(TEST_HOST)";
				CODE_SIGN_STYLE = Automatic;
				CURRENT_PROJECT_VERSION = 1;
				DEVELOPMENT_TEAM = 5LPUHM7446;
				GENERATE_INFOPLIST_FILE = YES;
				IPHONEOS_DEPLOYMENT_TARGET = 15.0;
				LD_RUNPATH_SEARCH_PATHS = (
					"$(inherited)",
					"@executable_path/Frameworks",
					"@loader_path/Frameworks",
				);
				MARKETING_VERSION = 1.0;
				PRODUCT_BUNDLE_IDENTIFIER = MrGoodCat.GBShopTests;
				PRODUCT_NAME = "$(TARGET_NAME)";
				SWIFT_EMIT_LOC_STRINGS = NO;
				SWIFT_VERSION = 5.0;
				TARGETED_DEVICE_FAMILY = "1,2";
				TEST_HOST = "$(BUILT_PRODUCTS_DIR)/GBShop.app/GBShop";
			};
			name = Debug;
		};
		44B6805827849B4C0028DA46 /* Release */ = {
			isa = XCBuildConfiguration;
			buildSettings = {
				ALWAYS_EMBED_SWIFT_STANDARD_LIBRARIES = YES;
				BUNDLE_LOADER = "$(TEST_HOST)";
				CODE_SIGN_STYLE = Automatic;
				CURRENT_PROJECT_VERSION = 1;
				DEVELOPMENT_TEAM = 5LPUHM7446;
				GENERATE_INFOPLIST_FILE = YES;
				IPHONEOS_DEPLOYMENT_TARGET = 15.0;
				LD_RUNPATH_SEARCH_PATHS = (
					"$(inherited)",
					"@executable_path/Frameworks",
					"@loader_path/Frameworks",
				);
				MARKETING_VERSION = 1.0;
				PRODUCT_BUNDLE_IDENTIFIER = MrGoodCat.GBShopTests;
				PRODUCT_NAME = "$(TARGET_NAME)";
				SWIFT_EMIT_LOC_STRINGS = NO;
				SWIFT_VERSION = 5.0;
				TARGETED_DEVICE_FAMILY = "1,2";
				TEST_HOST = "$(BUILT_PRODUCTS_DIR)/GBShop.app/GBShop";
			};
			name = Release;
		};
		44B6805A27849B4C0028DA46 /* Debug */ = {
			isa = XCBuildConfiguration;
			buildSettings = {
				ALWAYS_EMBED_SWIFT_STANDARD_LIBRARIES = YES;
				CODE_SIGN_STYLE = Automatic;
				CURRENT_PROJECT_VERSION = 1;
				DEVELOPMENT_TEAM = 5LPUHM7446;
				GENERATE_INFOPLIST_FILE = YES;
				LD_RUNPATH_SEARCH_PATHS = (
					"$(inherited)",
					"@executable_path/Frameworks",
					"@loader_path/Frameworks",
				);
				MARKETING_VERSION = 1.0;
				PRODUCT_BUNDLE_IDENTIFIER = MrGoodCat.GBShopUITests;
				PRODUCT_NAME = "$(TARGET_NAME)";
				SWIFT_EMIT_LOC_STRINGS = NO;
				SWIFT_VERSION = 5.0;
				TARGETED_DEVICE_FAMILY = "1,2";
				TEST_TARGET_NAME = GBShop;
			};
			name = Debug;
		};
		44B6805B27849B4C0028DA46 /* Release */ = {
			isa = XCBuildConfiguration;
			buildSettings = {
				ALWAYS_EMBED_SWIFT_STANDARD_LIBRARIES = YES;
				CODE_SIGN_STYLE = Automatic;
				CURRENT_PROJECT_VERSION = 1;
				DEVELOPMENT_TEAM = 5LPUHM7446;
				GENERATE_INFOPLIST_FILE = YES;
				LD_RUNPATH_SEARCH_PATHS = (
					"$(inherited)",
					"@executable_path/Frameworks",
					"@loader_path/Frameworks",
				);
				MARKETING_VERSION = 1.0;
				PRODUCT_BUNDLE_IDENTIFIER = MrGoodCat.GBShopUITests;
				PRODUCT_NAME = "$(TARGET_NAME)";
				SWIFT_EMIT_LOC_STRINGS = NO;
				SWIFT_VERSION = 5.0;
				TARGETED_DEVICE_FAMILY = "1,2";
				TEST_TARGET_NAME = GBShop;
			};
			name = Release;
		};
/* End XCBuildConfiguration section */

/* Begin XCConfigurationList section */
		44B6802427849B4A0028DA46 /* Build configuration list for PBXProject "GBShop" */ = {
			isa = XCConfigurationList;
			buildConfigurations = (
				44B6805127849B4C0028DA46 /* Debug */,
				44B6805227849B4C0028DA46 /* Release */,
			);
			defaultConfigurationIsVisible = 0;
			defaultConfigurationName = Release;
		};
		44B6805327849B4C0028DA46 /* Build configuration list for PBXNativeTarget "GBShop" */ = {
			isa = XCConfigurationList;
			buildConfigurations = (
				44B6805427849B4C0028DA46 /* Debug */,
				44B6805527849B4C0028DA46 /* Release */,
			);
			defaultConfigurationIsVisible = 0;
			defaultConfigurationName = Release;
		};
		44B6805627849B4C0028DA46 /* Build configuration list for PBXNativeTarget "GBShopTests" */ = {
			isa = XCConfigurationList;
			buildConfigurations = (
				44B6805727849B4C0028DA46 /* Debug */,
				44B6805827849B4C0028DA46 /* Release */,
			);
			defaultConfigurationIsVisible = 0;
			defaultConfigurationName = Release;
		};
		44B6805927849B4C0028DA46 /* Build configuration list for PBXNativeTarget "GBShopUITests" */ = {
			isa = XCConfigurationList;
			buildConfigurations = (
				44B6805A27849B4C0028DA46 /* Debug */,
				44B6805B27849B4C0028DA46 /* Release */,
			);
			defaultConfigurationIsVisible = 0;
			defaultConfigurationName = Release;
		};
/* End XCConfigurationList section */
	};
	rootObject = 44B6802127849B4A0028DA46 /* Project object */;
}
